
Microsoft Visual Studio Solution File, Format Version 12.00
# Visual Studio Version 17
VisualStudioVersion = 17.1.32228.430
MinimumVisualStudioVersion = 10.0.40219.1
Project("{9A19103F-16F7-4668-BE54-9A1E7A4F7556}") = "MooseEngine_Raylib", "MooseEngine_Raylib\MooseEngine_Raylib.csproj", "{1CE15CF1-2E4D-410F-960A-15F386E1606D}"
EndProject
Project("{9A19103F-16F7-4668-BE54-9A1E7A4F7556}") = "GameV1", "GameV1\GameV1.csproj", "{6A3D7774-7DA7-4CB8-ABE5-CAC8409500D9}"
EndProject
Project("{9A19103F-16F7-4668-BE54-9A1E7A4F7556}") = "MooseEngine.Extensions.Runtime", "MooseEngine.Extensions.Runtime\MooseEngine.Extensions.Runtime.csproj", "{1F81DA79-10A7-4941-9B28-6A5F79E6122D}"
EndProject
Project("{9A19103F-16F7-4668-BE54-9A1E7A4F7556}") = "MooseEngine.Extensions.Autofac", "MooseEngine.Extensions.Autofac\MooseEngine.Extensions.Autofac.csproj", "{046E2E7A-4C75-4CB6-B574-11D12C867652}"
EndProject
Project("{9A19103F-16F7-4668-BE54-9A1E7A4F7556}") = "MooseEngine.UnitTesting", "MooseEngine.UnitTesting\MooseEngine.UnitTesting.csproj", "{19125683-AD36-4F0C-B60F-99D7F97DC5CD}"
EndProject
Global
	GlobalSection(SolutionConfigurationPlatforms) = preSolution
		Debug|Any CPU = Debug|Any CPU
		Release|Any CPU = Release|Any CPU
	EndGlobalSection
	GlobalSection(ProjectConfigurationPlatforms) = postSolution
		{1CE15CF1-2E4D-410F-960A-15F386E1606D}.Debug|Any CPU.ActiveCfg = Debug|Any CPU
		{1CE15CF1-2E4D-410F-960A-15F386E1606D}.Debug|Any CPU.Build.0 = Debug|Any CPU
		{1CE15CF1-2E4D-410F-960A-15F386E1606D}.Release|Any CPU.ActiveCfg = Release|Any CPU
		{1CE15CF1-2E4D-410F-960A-15F386E1606D}.Release|Any CPU.Build.0 = Release|Any CPU
		{6A3D7774-7DA7-4CB8-ABE5-CAC8409500D9}.Debug|Any CPU.ActiveCfg = Debug|Any CPU
		{6A3D7774-7DA7-4CB8-ABE5-CAC8409500D9}.Debug|Any CPU.Build.0 = Debug|Any CPU
		{6A3D7774-7DA7-4CB8-ABE5-CAC8409500D9}.Release|Any CPU.ActiveCfg = Release|Any CPU
		{6A3D7774-7DA7-4CB8-ABE5-CAC8409500D9}.Release|Any CPU.Build.0 = Release|Any CPU
		{1F81DA79-10A7-4941-9B28-6A5F79E6122D}.Debug|Any CPU.ActiveCfg = Debug|Any CPU
		{1F81DA79-10A7-4941-9B28-6A5F79E6122D}.Debug|Any CPU.Build.0 = Debug|Any CPU
		{1F81DA79-10A7-4941-9B28-6A5F79E6122D}.Release|Any CPU.ActiveCfg = Release|Any CPU
		{1F81DA79-10A7-4941-9B28-6A5F79E6122D}.Release|Any CPU.Build.0 = Release|Any CPU
		{046E2E7A-4C75-4CB6-B574-11D12C867652}.Debug|Any CPU.ActiveCfg = Debug|Any CPU
		{046E2E7A-4C75-4CB6-B574-11D12C867652}.Debug|Any CPU.Build.0 = Debug|Any CPU
		{046E2E7A-4C75-4CB6-B574-11D12C867652}.Release|Any CPU.ActiveCfg = Release|Any CPU
		{046E2E7A-4C75-4CB6-B574-11D12C867652}.Release|Any CPU.Build.0 = Release|Any CPU
		{19125683-AD36-4F0C-B60F-99D7F97DC5CD}.Debug|Any CPU.ActiveCfg = Debug|Any CPU
		{19125683-AD36-4F0C-B60F-99D7F97DC5CD}.Debug|Any CPU.Build.0 = Debug|Any CPU
		{19125683-AD36-4F0C-B60F-99D7F97DC5CD}.Release|Any CPU.ActiveCfg = Release|Any CPU
		{19125683-AD36-4F0C-B60F-99D7F97DC5CD}.Release|Any CPU.Build.0 = Release|Any CPU
	EndGlobalSection
	GlobalSection(SolutionProperties) = preSolution
		HideSolutionNode = FALSE
	EndGlobalSection
	GlobalSection(ExtensibilityGlobals) = postSolution
		SolutionGuid = {03C0BED4-5072-45CD-9F4B-361586F2DED2}
	EndGlobalSection
EndGlobal
